<Solution>
  <Project Path="LibrarieModele/LibrarieModele.csproj" Id="ecd2175d-a054-41a3-a9d2-a919015bbb5d" />
  <Project Path="NivelStocareDate/NivelStocareDate.csproj" Id="e64c010c-dc1b-4fe3-b663-2a682a545bc9" />
  <Project Path="TargMasini/TargMasini.csproj" />
  <Project Path="TargMasiniWPF/TargMasiniWPF.csproj" Id="3675184b-38fa-40e2-957c-07b609505136" />
  <Project Path="ViewModel/ViewModel.csproj" Id="97b6fd13-81c5-4df4-bd4b-78ccb9c1753e" />
</Solution>
